
Microsoft Visual Studio Solution File, Format Version 11.00
# Visual Studio 2010
Project("{FAE04EC0-301F-11D3-BF4B-00C04F79EFBC}") = "Therapo_v1", "Assembly-CSharp-firstpass.csproj", "{95608D33-AC11-FFB6-13D0-FEA2B255F48A}"
EndProject
Project("{FAE04EC0-301F-11D3-BF4B-00C04F79EFBC}") = "Therapo_v1", "Assembly-CSharp.csproj", "{235C38DD-CBC3-BBA7-775E-822D82E84CC3}"
EndProject
Project("{FAE04EC0-301F-11D3-BF4B-00C04F79EFBC}") = "Therapo_v1", "Assembly-CSharp-Editor.csproj", "{7DA3D0AB-AA7C-15C6-B3B6-9859D9574F5A}"
EndProject
Global
	GlobalSection(SolutionConfigurationPlatforms) = preSolution
		Debug|Any CPU = Debug|Any CPU
		Release|Any CPU = Release|Any CPU
	EndGlobalSection
	GlobalSection(ProjectConfigurationPlatforms) = postSolution
		{95608D33-AC11-FFB6-13D0-FEA2B255F48A}.Debug|Any CPU.ActiveCfg = Debug|Any CPU
		{95608D33-AC11-FFB6-13D0-FEA2B255F48A}.Debug|Any CPU.Build.0 = Debug|Any CPU
		{95608D33-AC11-FFB6-13D0-FEA2B255F48A}.Release|Any CPU.ActiveCfg = Release|Any CPU
		{95608D33-AC11-FFB6-13D0-FEA2B255F48A}.Release|Any CPU.Build.0 = Release|Any CPU
		{235C38DD-CBC3-BBA7-775E-822D82E84CC3}.Debug|Any CPU.ActiveCfg = Debug|Any CPU
		{235C38DD-CBC3-BBA7-775E-822D82E84CC3}.Debug|Any CPU.Build.0 = Debug|Any CPU
		{235C38DD-CBC3-BBA7-775E-822D82E84CC3}.Release|Any CPU.ActiveCfg = Release|Any CPU
		{235C38DD-CBC3-BBA7-775E-822D82E84CC3}.Release|Any CPU.Build.0 = Release|Any CPU
		{7DA3D0AB-AA7C-15C6-B3B6-9859D9574F5A}.Debug|Any CPU.ActiveCfg = Debug|Any CPU
		{7DA3D0AB-AA7C-15C6-B3B6-9859D9574F5A}.Debug|Any CPU.Build.0 = Debug|Any CPU
		{7DA3D0AB-AA7C-15C6-B3B6-9859D9574F5A}.Release|Any CPU.ActiveCfg = Release|Any CPU
		{7DA3D0AB-AA7C-15C6-B3B6-9859D9574F5A}.Release|Any CPU.Build.0 = Release|Any CPU
	EndGlobalSection
	GlobalSection(SolutionProperties) = preSolution
		HideSolutionNode = FALSE
	EndGlobalSection
	GlobalSection(MonoDevelopProperties) = preSolution
		StartupItem = Assembly-CSharp.csproj
	EndGlobalSection
EndGlobal
